
Microsoft Visual Studio Solution File, Format Version 12.00
Project("{FAE04EC0-301F-11D3-BF4B-00C04F79EFBC}") = "StreamOverlay", "StreamOverlay\StreamOverlay.csproj", "{A300484E-C96A-4B7D-9D0B-F9CF3187DE08}"
EndProject
Global
	GlobalSection(SolutionConfigurationPlatforms) = preSolution
		Debug|Any CPU = Debug|Any CPU
		Release|Any CPU = Release|Any CPU
	EndGlobalSection
	GlobalSection(ProjectConfigurationPlatforms) = postSolution
		{A300484E-C96A-4B7D-9D0B-F9CF3187DE08}.Debug|Any CPU.ActiveCfg = Debug|Any CPU
		{A300484E-C96A-4B7D-9D0B-F9CF3187DE08}.Debug|Any CPU.Build.0 = Debug|Any CPU
		{A300484E-C96A-4B7D-9D0B-F9CF3187DE08}.Release|Any CPU.ActiveCfg = Release|Any CPU
		{A300484E-C96A-4B7D-9D0B-F9CF3187DE08}.Release|Any CPU.Build.0 = Release|Any CPU
	EndGlobalSection
EndGlobal
